{
    "version": 3,
    "terraform_version": "0.11.0",
    "serial": 8,
    "lineage": "2cf07785-84fe-4ec5-b36a-2b21c808efba",
    "modules": [
        {
            "path": [
                "root"
            ],
            "outputs": {},
            "resources": {
                "github_branch_protection.dockerfiles_master": {
                    "type": "github_branch_protection",
                    "depends_on": [],
                    "primary": {
                        "id": "dockerfiles:master",
                        "attributes": {
                            "branch": "master",
                            "enforce_admins": "true",
                            "id": "dockerfiles:master",
                            "repository": "dockerfiles",
                            "required_pull_request_reviews.#": "0",
                            "required_status_checks.#": "0",
                            "restrictions.#": "0"
                        },
                        "meta": {},
                        "tainted": false
                    },
                    "deposed": [],
                    "provider": "provider.github"
                },
                "github_branch_protection.lal_master": {
                    "type": "github_branch_protection",
                    "depends_on": [],
                    "primary": {
                        "id": "lal:master",
                        "attributes": {
                            "branch": "master",
                            "enforce_admins": "true",
                            "id": "lal:master",
                            "repository": "lal",
                            "required_pull_request_reviews.#": "0",
                            "required_status_checks.#": "0",
                            "restrictions.#": "0"
                        },
                        "meta": {},
                        "tainted": false
                    },
                    "deposed": [],
                    "provider": "provider.github"
                },
                "github_branch_protection.terraform-plans_master": {
                    "type": "github_branch_protection",
                    "depends_on": [],
                    "primary": {
                        "id": "terraform-plans:master",
                        "attributes": {
                            "branch": "master",
                            "enforce_admins": "true",
                            "id": "terraform-plans:master",
                            "repository": "terraform-plans",
                            "required_pull_request_reviews.#": "0",
                            "required_status_checks.#": "0",
                            "restrictions.#": "0"
                        },
                        "meta": {},
                        "tainted": false
                    },
                    "deposed": [],
                    "provider": "provider.github"
                },
                "github_membership.membership_bencord0": {
                    "type": "github_membership",
                    "depends_on": [],
                    "primary": {
                        "id": "lalbuild:bencord0",
                        "attributes": {
                            "id": "lalbuild:bencord0",
                            "role": "member",
                            "username": "bencord0"
                        },
                        "meta": {},
                        "tainted": false
                    },
                    "deposed": [],
                    "provider": "provider.github"
                },
                "github_repository.dockerfiles": {
                    "type": "github_repository",
                    "depends_on": [],
                    "primary": {
                        "id": "dockerfiles",
                        "attributes": {
                            "allow_merge_commit": "true",
                            "allow_rebase_merge": "true",
                            "allow_squash_merge": "true",
                            "default_branch": "master",
                            "description": "Demo environments for lal",
                            "full_name": "lalbuild/dockerfiles",
                            "git_clone_url": "git://github.com/lalbuild/dockerfiles.git",
                            "has_downloads": "false",
                            "has_issues": "true",
                            "has_wiki": "false",
                            "homepage_url": "",
                            "http_clone_url": "https://github.com/lalbuild/dockerfiles.git",
                            "id": "dockerfiles",
                            "name": "dockerfiles",
                            "private": "false",
                            "ssh_clone_url": "git@github.com:lalbuild/dockerfiles.git",
                            "svn_url": "https://github.com/lalbuild/dockerfiles"
                        },
                        "meta": {},
                        "tainted": false
                    },
                    "deposed": [],
                    "provider": "provider.github"
                },
                "github_repository.lal": {
                    "type": "github_repository",
                    "depends_on": [],
                    "primary": {
                        "id": "lal",
                        "attributes": {
                            "allow_merge_commit": "true",
                            "allow_rebase_merge": "true",
                            "allow_squash_merge": "true",
                            "default_branch": "master",
                            "description": "A strict, language-agnostic build system and dependency manager",
                            "full_name": "lalbuild/lal",
                            "git_clone_url": "git://github.com/lalbuild/lal.git",
                            "has_downloads": "true",
                            "has_issues": "true",
                            "has_wiki": "true",
                            "homepage_url": "",
                            "http_clone_url": "https://github.com/lalbuild/lal.git",
                            "id": "lal",
                            "name": "lal",
                            "private": "false",
                            "ssh_clone_url": "git@github.com:lalbuild/lal.git",
                            "svn_url": "https://github.com/lalbuild/lal"
                        },
                        "meta": {},
                        "tainted": false
                    },
                    "deposed": [],
                    "provider": "provider.github"
                },
                "github_repository.lal-build_xyz": {
                    "type": "github_repository",
                    "depends_on": [],
                    "primary": {
                        "id": "lal-build.xyz",
                        "attributes": {
                            "allow_merge_commit": "true",
                            "allow_rebase_merge": "true",
                            "allow_squash_merge": "true",
                            "default_branch": "master",
                            "description": "Documentation page",
                            "full_name": "lalbuild/lal-build.xyz",
                            "git_clone_url": "git://github.com/lalbuild/lal-build.xyz.git",
                            "has_downloads": "false",
                            "has_issues": "false",
                            "has_wiki": "false",
                            "homepage_url": "https://lal-build.xyz",
                            "http_clone_url": "https://github.com/lalbuild/lal-build.xyz.git",
                            "id": "lal-build.xyz",
                            "name": "lal-build.xyz",
                            "private": "false",
                            "ssh_clone_url": "git@github.com:lalbuild/lal-build.xyz.git",
                            "svn_url": "https://github.com/lalbuild/lal-build.xyz"
                        },
                        "meta": {},
                        "tainted": false
                    },
                    "deposed": [],
                    "provider": "provider.github"
                },
                "github_repository.terraform-plans": {
                    "type": "github_repository",
                    "depends_on": [],
                    "primary": {
                        "id": "terraform-plans",
                        "attributes": {
                            "allow_merge_commit": "true",
                            "allow_rebase_merge": "true",
                            "allow_squash_merge": "true",
                            "default_branch": "master",
                            "description": "Infrastructure configs",
                            "full_name": "lalbuild/terraform-plans",
                            "git_clone_url": "git://github.com/lalbuild/terraform-plans.git",
                            "has_downloads": "false",
                            "has_issues": "false",
                            "has_wiki": "false",
                            "homepage_url": "",
                            "http_clone_url": "https://github.com/lalbuild/terraform-plans.git",
                            "id": "terraform-plans",
                            "name": "terraform-plans",
                            "private": "false",
                            "ssh_clone_url": "git@github.com:lalbuild/terraform-plans.git",
                            "svn_url": "https://github.com/lalbuild/terraform-plans"
                        },
                        "meta": {},
                        "tainted": false
                    },
                    "deposed": [],
                    "provider": "provider.github"
                }
            },
            "depends_on": []
        }
    ]
}
